
Microsoft Visual Studio Solution File, Format Version 12.00
# Visual Studio 15
VisualStudioVersion = 15.0.28010.2016
MinimumVisualStudioVersion = 10.0.40219.1
Project("{F184B08F-C81C-45F6-A57F-5ABD9991F28F}") = "EllipseVisualization", "EllipseVisualization\EllipseVisualization.vbproj", "{3A104EE5-46A6-48B6-9CDA-ACA3D9646640}"
EndProject
Global
	GlobalSection(SolutionConfigurationPlatforms) = preSolution
		Debug|Any CPU = Debug|Any CPU
		Release|Any CPU = Release|Any CPU
	EndGlobalSection
	GlobalSection(ProjectConfigurationPlatforms) = postSolution
		{3A104EE5-46A6-48B6-9CDA-ACA3D9646640}.Debug|Any CPU.ActiveCfg = Debug|Any CPU
		{3A104EE5-46A6-48B6-9CDA-ACA3D9646640}.Debug|Any CPU.Build.0 = Debug|Any CPU
		{3A104EE5-46A6-48B6-9CDA-ACA3D9646640}.Release|Any CPU.ActiveCfg = Release|Any CPU
		{3A104EE5-46A6-48B6-9CDA-ACA3D9646640}.Release|Any CPU.Build.0 = Release|Any CPU
	EndGlobalSection
	GlobalSection(SolutionProperties) = preSolution
		HideSolutionNode = FALSE
	EndGlobalSection
	GlobalSection(ExtensibilityGlobals) = postSolution
		SolutionGuid = {C2CA912A-2C7A-479B-BC21-BF00AFD5E23A}
	EndGlobalSection
EndGlobal
